// !$*UTF8*$!
{
	archiveVersion = 1;
	classes = {
	};
	objectVersion = 50;
	objects = {

/* Begin PBXBuildFile section */
		9F82A1EC2436B0E30069A92E /* AppDelegate.swift in Sources */ = {isa = PBXBuildFile; fileRef = 9F82A1EB2436B0E30069A92E /* AppDelegate.swift */; };
		9F82A1EE2436B0E30069A92E /* SceneDelegate.swift in Sources */ = {isa = PBXBuildFile; fileRef = 9F82A1ED2436B0E30069A92E /* SceneDelegate.swift */; };
		9F82A1F02436B0E30069A92E /* ViewController.swift in Sources */ = {isa = PBXBuildFile; fileRef = 9F82A1EF2436B0E30069A92E /* ViewController.swift */; };
		9F82A1F32436B0E30069A92E /* Main.storyboard in Resources */ = {isa = PBXBuildFile; fileRef = 9F82A1F12436B0E30069A92E /* Main.storyboard */; };
		9F82A1F52436B0E80069A92E /* Assets.xcassets in Resources */ = {isa = PBXBuildFile; fileRef = 9F82A1F42436B0E80069A92E /* Assets.xcassets */; };
		9F82A1F82436B0E80069A92E /* LaunchScreen.storyboard in Resources */ = {isa = PBXBuildFile; fileRef = 9F82A1F62436B0E80069A92E /* LaunchScreen.storyboard */; };
		9F82A2032436B0E80069A92E /* aaaaTests.swift in Sources */ = {isa = PBXBuildFile; fileRef = 9F82A2022436B0E80069A92E /* aaaaTests.swift */; };
		9F82A20E2436B0E80069A92E /* aaaaUITests.swift in Sources */ = {isa = PBXBuildFile; fileRef = 9F82A20D2436B0E80069A92E /* aaaaUITests.swift */; };
/* End PBXBuildFile section */

/* Begin PBXContainerItemProxy section */
		9F82A1FF2436B0E80069A92E /* PBXContainerItemProxy */ = {
			isa = PBXContainerItemProxy;
			containerPortal = 9F82A1E02436B0E30069A92E /* Project object */;
			proxyType = 1;
			remoteGlobalIDString = 9F82A1E72436B0E30069A92E;
			remoteInfo = aaaa;
		};
		9F82A20A2436B0E80069A92E /* PBXContainerItemProxy */ = {
			isa = PBXContainerItemProxy;
			containerPortal = 9F82A1E02436B0E30069A92E /* Project object */;
			proxyType = 1;
			remoteGlobalIDString = 9F82A1E72436B0E30069A92E;
			remoteInfo = aaaa;
		};
/* End PBXContainerItemProxy section */

/* Begin PBXFileReference section */
		9F82A1E82436B0E30069A92E /* aaaa.app */ = {isa = PBXFileReference; explicitFileType = wrapper.application; includeInIndex = 0; path = aaaa.app; sourceTree = BUILT_PRODUCTS_DIR; };
		9F82A1EB2436B0E30069A92E /* AppDelegate.swift */ = {isa = PBXFileReference; lastKnownFileType = sourcecode.swift; path = AppDelegate.swift; sourceTree = "<group>"; };
		9F82A1ED2436B0E30069A92E /* SceneDelegate.swift */ = {isa = PBXFileReference; lastKnownFileType = sourcecode.swift; path = SceneDelegate.swift; sourceTree = "<group>"; };
		9F82A1EF2436B0E30069A92E /* ViewController.swift */ = {isa = PBXFileReference; lastKnownFileType = sourcecode.swift; path = ViewController.swift; sourceTree = "<group>"; };
		9F82A1F22436B0E30069A92E /* Base */ = {isa = PBXFileReference; lastKnownFileType = file.storyboard; name = Base; path = Base.lproj/Main.storyboard; sourceTree = "<group>"; };
		9F82A1F42436B0E80069A92E /* Assets.xcassets */ = {isa = PBXFileReference; lastKnownFileType = folder.assetcatalog; path = Assets.xcassets; sourceTree = "<group>"; };
		9F82A1F72436B0E80069A92E /* Base */ = {isa = PBXFileReference; lastKnownFileType = file.storyboard; name = Base; path = Base.lproj/LaunchScreen.storyboard; sourceTree = "<group>"; };
		9F82A1F92436B0E80069A92E /* Info.plist */ = {isa = PBXFileReference; lastKnownFileType = text.plist.xml; path = Info.plist; sourceTree = "<group>"; };
		9F82A1FE2436B0E80069A92E /* aaaaTests.xctest */ = {isa = PBXFileReference; explicitFileType = wrapper.cfbundle; includeInIndex = 0; path = aaaaTests.xctest; sourceTree = BUILT_PRODUCTS_DIR; };
		9F82A2022436B0E80069A92E /* aaaaTests.swift */ = {isa = PBXFileReference; lastKnownFileType = sourcecode.swift; path = aaaaTests.swift; sourceTree = "<group>"; };
		9F82A2042436B0E80069A92E /* Info.plist */ = {isa = PBXFileReference; lastKnownFileType = text.plist.xml; path = Info.plist; sourceTree = "<group>"; };
		9F82A2092436B0E80069A92E /* aaaaUITests.xctest */ = {isa = PBXFileReference; explicitFileType = wrapper.cfbundle; includeInIndex = 0; path = aaaaUITests.xctest; sourceTree = BUILT_PRODUCTS_DIR; };
		9F82A20D2436B0E80069A92E /* aaaaUITests.swift */ = {isa = PBXFileReference; lastKnownFileType = sourcecode.swift; path = aaaaUITests.swift; sourceTree = "<group>"; };
		9F82A20F2436B0E80069A92E /* Info.plist */ = {isa = PBXFileReference; lastKnownFileType = text.plist.xml; path = Info.plist; sourceTree = "<group>"; };
/* End PBXFileReference section */

/* Begin PBXFrameworksBuildPhase section */
		9F82A1E52436B0E30069A92E /* Frameworks */ = {
			isa = PBXFrameworksBuildPhase;
			buildActionMask = 2147483647;
			files = (
			);
			runOnlyForDeploymentPostprocessing = 0;
		};
		9F82A1FB2436B0E80069A92E /* Frameworks */ = {
			isa = PBXFrameworksBuildPhase;
			buildActionMask = 2147483647;
			files = (
			);
			runOnlyForDeploymentPostprocessing = 0;
		};
		9F82A2062436B0E80069A92E /* Frameworks */ = {
			isa = PBXFrameworksBuildPhase;
			buildActionMask = 2147483647;
			files = (
			);
			runOnlyForDeploymentPostprocessing = 0;
		};
/* End PBXFrameworksBuildPhase section */

/* Begin PBXGroup section */
		9F82A1DF2436B0E30069A92E = {
			isa = PBXGroup;
			children = (
				9F82A1EA2436B0E30069A92E /* aaaa */,
				9F82A2012436B0E80069A92E /* aaaaTests */,
				9F82A20C2436B0E80069A92E /* aaaaUITests */,
				9F82A1E92436B0E30069A92E /* Products */,
			);
			sourceTree = "<group>";
		};
		9F82A1E92436B0E30069A92E /* Products */ = {
			isa = PBXGroup;
			children = (
				9F82A1E82436B0E30069A92E /* aaaa.app */,
				9F82A1FE2436B0E80069A92E /* aaaaTests.xctest */,
				9F82A2092436B0E80069A92E /* aaaaUITests.xctest */,
			);
			name = Products;
			sourceTree = "<group>";
		};
		9F82A1EA2436B0E30069A92E /* aaaa */ = {
			isa = PBXGroup;
			children = (
				9F82A1EB2436B0E30069A92E /* AppDelegate.swift */,
				9F82A1ED2436B0E30069A92E /* SceneDelegate.swift */,
				9F82A1EF2436B0E30069A92E /* ViewController.swift */,
				9F82A1F12436B0E30069A92E /* Main.storyboard */,
				9F82A1F42436B0E80069A92E /* Assets.xcassets */,
				9F82A1F62436B0E80069A92E /* LaunchScreen.storyboard */,
				9F82A1F92436B0E80069A92E /* Info.plist */,
			);
			path = aaaa;
			sourceTree = "<group>";
		};
		9F82A2012436B0E80069A92E /* aaaaTests */ = {
			isa = PBXGroup;
			children = (
				9F82A2022436B0E80069A92E /* aaaaTests.swift */,
				9F82A2042436B0E80069A92E /* Info.plist */,
			);
			path = aaaaTests;
			sourceTree = "<group>";
		};
		9F82A20C2436B0E80069A92E /* aaaaUITests */ = {
			isa = PBXGroup;
			children = (
				9F82A20D2436B0E80069A92E /* aaaaUITests.swift */,
				9F82A20F2436B0E80069A92E /* Info.plist */,
			);
			path = aaaaUITests;
			sourceTree = "<group>";
		};
/* End PBXGroup section */

/* Begin PBXNativeTarget section */
		9F82A1E72436B0E30069A92E /* aaaa */ = {
			isa = PBXNativeTarget;
			buildConfigurationList = 9F82A2122436B0E80069A92E /* Build configuration list for PBXNativeTarget "aaaa" */;
			buildPhases = (
				9F82A1E42436B0E30069A92E /* Sources */,
				9F82A1E52436B0E30069A92E /* Frameworks */,
				9F82A1E62436B0E30069A92E /* Resources */,
			);
			buildRules = (
			);
			dependencies = (
			);
			name = aaaa;
			productName = aaaa;
			productReference = 9F82A1E82436B0E30069A92E /* aaaa.app */;
			productType = "com.apple.product-type.application";
		};
		9F82A1FD2436B0E80069A92E /* aaaaTests */ = {
			isa = PBXNativeTarget;
			buildConfigurationList = 9F82A2152436B0E80069A92E /* Build configuration list for PBXNativeTarget "aaaaTests" */;
			buildPhases = (
				9F82A1FA2436B0E80069A92E /* Sources */,
				9F82A1FB2436B0E80069A92E /* Frameworks */,
				9F82A1FC2436B0E80069A92E /* Resources */,
			);
			buildRules = (
			);
			dependencies = (
				9F82A2002436B0E80069A92E /* PBXTargetDependency */,
			);
			name = aaaaTests;
			productName = aaaaTests;
			productReference = 9F82A1FE2436B0E80069A92E /* aaaaTests.xctest */;
			productType = "com.apple.product-type.bundle.unit-test";
		};
		9F82A2082436B0E80069A92E /* aaaaUITests */ = {
			isa = PBXNativeTarget;
			buildConfigurationList = 9F82A2182436B0E80069A92E /* Build configuration list for PBXNativeTarget "aaaaUITests" */;
			buildPhases = (
				9F82A2052436B0E80069A92E /* Sources */,
				9F82A2062436B0E80069A92E /* Frameworks */,
				9F82A2072436B0E80069A92E /* Resources */,
			);
			buildRules = (
			);
			dependencies = (
				9F82A20B2436B0E80069A92E /* PBXTargetDependency */,
			);
			name = aaaaUITests;
			productName = aaaaUITests;
			productReference = 9F82A2092436B0E80069A92E /* aaaaUITests.xctest */;
			productType = "com.apple.product-type.bundle.ui-testing";
		};
/* End PBXNativeTarget section */

/* Begin PBXProject section */
		9F82A1E02436B0E30069A92E /* Project object */ = {
			isa = PBXProject;
			attributes = {
				LastSwiftUpdateCheck = 1130;
				LastUpgradeCheck = 1130;
				ORGANIZATIONNAME = "Javid Poornasir";
				TargetAttributes = {
					9F82A1E72436B0E30069A92E = {
						CreatedOnToolsVersion = 11.3.1;
					};
					9F82A1FD2436B0E80069A92E = {
						CreatedOnToolsVersion = 11.3.1;
						TestTargetID = 9F82A1E72436B0E30069A92E;
					};
					9F82A2082436B0E80069A92E = {
						CreatedOnToolsVersion = 11.3.1;
						TestTargetID = 9F82A1E72436B0E30069A92E;
					};
				};
			};
			buildConfigurationList = 9F82A1E32436B0E30069A92E /* Build configuration list for PBXProject "aaaa" */;
			compatibilityVersion = "Xcode 9.3";
			developmentRegion = en;
			hasScannedForEncodings = 0;
			knownRegions = (
				en,
				Base,
			);
			mainGroup = 9F82A1DF2436B0E30069A92E;
			productRefGroup = 9F82A1E92436B0E30069A92E /* Products */;
			projectDirPath = "";
			projectRoot = "";
			targets = (
				9F82A1E72436B0E30069A92E /* aaaa */,
				9F82A1FD2436B0E80069A92E /* aaaaTests */,
				9F82A2082436B0E80069A92E /* aaaaUITests */,
			);
		};
/* End PBXProject section */

/* Begin PBXResourcesBuildPhase section */
		9F82A1E62436B0E30069A92E /* Resources */ = {
			isa = PBXResourcesBuildPhase;
			buildActionMask = 2147483647;
			files = (
				9F82A1F82436B0E80069A92E /* LaunchScreen.storyboard in Resources */,
				9F82A1F52436B0E80069A92E /* Assets.xcassets in Resources */,
				9F82A1F32436B0E30069A92E /* Main.storyboard in Resources */,
			);
			runOnlyForDeploymentPostprocessing = 0;
		};
		9F82A1FC2436B0E80069A92E /* Resources */ = {
			isa = PBXResourcesBuildPhase;
			buildActionMask = 2147483647;
			files = (
			);
			runOnlyForDeploymentPostprocessing = 0;
		};
		9F82A2072436B0E80069A92E /* Resources */ = {
			isa = PBXResourcesBuildPhase;
			buildActionMask = 2147483647;
			files = (
			);
			runOnlyForDeploymentPostprocessing = 0;
		};
/* End PBXResourcesBuildPhase section */

/* Begin PBXSourcesBuildPhase section */
		9F82A1E42436B0E30069A92E /* Sources */ = {
			isa = PBXSourcesBuildPhase;
			buildActionMask = 2147483647;
			files = (
				9F82A1F02436B0E30069A92E /* ViewController.swift in Sources */,
				9F82A1EC2436B0E30069A92E /* AppDelegate.swift in Sources */,
				9F82A1EE2436B0E30069A92E /* SceneDelegate.swift in Sources */,
			);
			runOnlyForDeploymentPostprocessing = 0;
		};
		9F82A1FA2436B0E80069A92E /* Sources */ = {
			isa = PBXSourcesBuildPhase;
			buildActionMask = 2147483647;
			files = (
				9F82A2032436B0E80069A92E /* aaaaTests.swift in Sources */,
			);
			runOnlyForDeploymentPostprocessing = 0;
		};
		9F82A2052436B0E80069A92E /* Sources */ = {
			isa = PBXSourcesBuildPhase;
			buildActionMask = 2147483647;
			files = (
				9F82A20E2436B0E80069A92E /* aaaaUITests.swift in Sources */,
			);
			runOnlyForDeploymentPostprocessing = 0;
		};
/* End PBXSourcesBuildPhase section */

/* Begin PBXTargetDependency section */
		9F82A2002436B0E80069A92E /* PBXTargetDependency */ = {
			isa = PBXTargetDependency;
			target = 9F82A1E72436B0E30069A92E /* aaaa */;
			targetProxy = 9F82A1FF2436B0E80069A92E /* PBXContainerItemProxy */;
		};
		9F82A20B2436B0E80069A92E /* PBXTargetDependency */ = {
			isa = PBXTargetDependency;
			target = 9F82A1E72436B0E30069A92E /* aaaa */;
			targetProxy = 9F82A20A2436B0E80069A92E /* PBXContainerItemProxy */;
		};
/* End PBXTargetDependency section */

/* Begin PBXVariantGroup section */
		9F82A1F12436B0E30069A92E /* Main.storyboard */ = {
			isa = PBXVariantGroup;
			children = (
				9F82A1F22436B0E30069A92E /* Base */,
			);
			name = Main.storyboard;
			sourceTree = "<group>";
		};
		9F82A1F62436B0E80069A92E /* LaunchScreen.storyboard */ = {
			isa = PBXVariantGroup;
			children = (
				9F82A1F72436B0E80069A92E /* Base */,
			);
			name = LaunchScreen.storyboard;
			sourceTree = "<group>";
		};
/* End PBXVariantGroup section */

/* Begin XCBuildConfiguration section */
		9F82A2102436B0E80069A92E /* Debug */ = {
			isa = XCBuildConfiguration;
			buildSettings = {
				ALWAYS_SEARCH_USER_PATHS = NO;
				CLANG_ANALYZER_NONNULL = YES;
				CLANG_ANALYZER_NUMBER_OBJECT_CONVERSION = YES_AGGRESSIVE;
				CLANG_CXX_LANGUAGE_STANDARD = "gnu++14";
				CLANG_CXX_LIBRARY = "libc++";
				CLANG_ENABLE_MODULES = YES;
				CLANG_ENABLE_OBJC_ARC = YES;
				CLANG_ENABLE_OBJC_WEAK = YES;
				CLANG_WARN_BLOCK_CAPTURE_AUTORELEASING = YES;
				CLANG_WARN_BOOL_CONVERSION = YES;
				CLANG_WARN_COMMA = YES;
				CLANG_WARN_CONSTANT_CONVERSION = YES;
				CLANG_WARN_DEPRECATED_OBJC_IMPLEMENTATIONS = YES;
				CLANG_WARN_DIRECT_OBJC_ISA_USAGE = YES_ERROR;
				CLANG_WARN_DOCUMENTATION_COMMENTS = YES;
				CLANG_WARN_EMPTY_BODY = YES;
				CLANG_WARN_ENUM_CONVERSION = YES;
				CLANG_WARN_INFINITE_RECURSION = YES;
				CLANG_WARN_INT_CONVERSION = YES;
				CLANG_WARN_NON_LITERAL_NULL_CONVERSION = YES;
				CLANG_WARN_OBJC_IMPLICIT_RETAIN_SELF = YES;
				CLANG_WARN_OBJC_LITERAL_CONVERSION = YES;
				CLANG_WARN_OBJC_ROOT_CLASS = YES_ERROR;
				CLANG_WARN_RANGE_LOOP_ANALYSIS = YES;
				CLANG_WARN_STRICT_PROTOTYPES = YES;
				CLANG_WARN_SUSPICIOUS_MOVE = YES;
				CLANG_WARN_UNGUARDED_AVAILABILITY = YES_AGGRESSIVE;
				CLANG_WARN_UNREACHABLE_CODE = YES;
				CLANG_WARN__DUPLICATE_METHOD_MATCH = YES;
				COPY_PHASE_STRIP = NO;
				DEBUG_INFORMATION_FORMAT = dwarf;
				ENABLE_STRICT_OBJC_MSGSEND = YES;
				ENABLE_TESTABILITY = YES;
				GCC_C_LANGUAGE_STANDARD = gnu11;
				GCC_DYNAMIC_NO_PIC = NO;
				GCC_NO_COMMON_BLOCKS = YES;
				GCC_OPTIMIZATION_LEVEL = 0;
				GCC_PREPROCESSOR_DEFINITIONS = (
					"DEBUG=1",
					"$(inherited)",
				);
				GCC_WARN_64_TO_32_BIT_CONVERSION = YES;
				GCC_WARN_ABOUT_RETURN_TYPE = YES_ERROR;
				GCC_WARN_UNDECLARED_SELECTOR = YES;
				GCC_WARN_UNINITIALIZED_AUTOS = YES_AGGRESSIVE;
				GCC_WARN_UNUSED_FUNCTION = YES;
				GCC_WARN_UNUSED_VARIABLE = YES;
				IPHONEOS_DEPLOYMENT_TARGET = 13.2;
				MTL_ENABLE_DEBUG_INFO = INCLUDE_SOURCE;
				MTL_FAST_MATH = YES;
				ONLY_ACTIVE_ARCH = YES;
				SDKROOT = iphoneos;
				SWIFT_ACTIVE_COMPILATION_CONDITIONS = DEBUG;
				SWIFT_OPTIMIZATION_LEVEL = "-Onone";
			};
			name = Debug;
		};
		9F82A2112436B0E80069A92E /* Release */ = {
			isa = XCBuildConfiguration;
			buildSettings = {
				ALWAYS_SEARCH_USER_PATHS = NO;
				CLANG_ANALYZER_NONNULL = YES;
				CLANG_ANALYZER_NUMBER_OBJECT_CONVERSION = YES_AGGRESSIVE;
				CLANG_CXX_LANGUAGE_STANDARD = "gnu++14";
				CLANG_CXX_LIBRARY = "libc++";
				CLANG_ENABLE_MODULES = YES;
				CLANG_ENABLE_OBJC_ARC = YES;
				CLANG_ENABLE_OBJC_WEAK = YES;
				CLANG_WARN_BLOCK_CAPTURE_AUTORELEASING = YES;
				CLANG_WARN_BOOL_CONVERSION = YES;
				CLANG_WARN_COMMA = YES;
				CLANG_WARN_CONSTANT_CONVERSION = YES;
				CLANG_WARN_DEPRECATED_OBJC_IMPLEMENTATIONS = YES;
				CLANG_WARN_DIRECT_OBJC_ISA_USAGE = YES_ERROR;
				CLANG_WARN_DOCUMENTATION_COMMENTS = YES;
				CLANG_WARN_EMPTY_BODY = YES;
				CLANG_WARN_ENUM_CONVERSION = YES;
				CLANG_WARN_INFINITE_RECURSION = YES;
				CLANG_WARN_INT_CONVERSION = YES;
				CLANG_WARN_NON_LITERAL_NULL_CONVERSION = YES;
				CLANG_WARN_OBJC_IMPLICIT_RETAIN_SELF = YES;
				CLANG_WARN_OBJC_LITERAL_CONVERSION = YES;
				CLANG_WARN_OBJC_ROOT_CLASS = YES_ERROR;
				CLANG_WARN_RANGE_LOOP_ANALYSIS = YES;
				CLANG_WARN_STRICT_PROTOTYPES = YES;
				CLANG_WARN_SUSPICIOUS_MOVE = YES;
				CLANG_WARN_UNGUARDED_AVAILABILITY = YES_AGGRESSIVE;
				CLANG_WARN_UNREACHABLE_CODE = YES;
				CLANG_WARN__DUPLICATE_METHOD_MATCH = YES;
				COPY_PHASE_STRIP = NO;
				DEBUG_INFORMATION_FORMAT = "dwarf-with-dsym";
				ENABLE_NS_ASSERTIONS = NO;
				ENABLE_STRICT_OBJC_MSGSEND = YES;
				GCC_C_LANGUAGE_STANDARD = gnu11;
				GCC_NO_COMMON_BLOCKS = YES;
				GCC_WARN_64_TO_32_BIT_CONVERSION = YES;
				GCC_WARN_ABOUT_RETURN_TYPE = YES_ERROR;
				GCC_WARN_UNDECLARED_SELECTOR = YES;
				GCC_WARN_UNINITIALIZED_AUTOS = YES_AGGRESSIVE;
				GCC_WARN_UNUSED_FUNCTION = YES;
				GCC_WARN_UNUSED_VARIABLE = YES;
				IPHONEOS_DEPLOYMENT_TARGET = 13.2;
				MTL_ENABLE_DEBUG_INFO = NO;
				MTL_FAST_MATH = YES;
				SDKROOT = iphoneos;
				SWIFT_COMPILATION_MODE = wholemodule;
				SWIFT_OPTIMIZATION_LEVEL = "-O";
				VALIDATE_PRODUCT = YES;
			};
			name = Release;
		};
		9F82A2132436B0E80069A92E /* Debug */ = {
			isa = XCBuildConfiguration;
			buildSettings = {
				ASSETCATALOG_COMPILER_APPICON_NAME = AppIcon;
				CODE_SIGN_STYLE = Automatic;
				DEVELOPMENT_TEAM = VWFZU9229C;
				INFOPLIST_FILE = aaaa/Info.plist;
				LD_RUNPATH_SEARCH_PATHS = (
					"$(inherited)",
					"@executable_path/Frameworks",
				);
				PRODUCT_BUNDLE_IDENTIFIER = com.jp.aaaa;
				PRODUCT_NAME = "$(TARGET_NAME)";
				SWIFT_VERSION = 5.0;
				TARGETED_DEVICE_FAMILY = "1,2";
			};
			name = Debug;
		};
		9F82A2142436B0E80069A92E /* Release */ = {
			isa = XCBuildConfiguration;
			buildSettings = {
				ASSETCATALOG_COMPILER_APPICON_NAME = AppIcon;
				CODE_SIGN_STYLE = Automatic;
				DEVELOPMENT_TEAM = VWFZU9229C;
				INFOPLIST_FILE = aaaa/Info.plist;
				LD_RUNPATH_SEARCH_PATHS = (
					"$(inherited)",
					"@executable_path/Frameworks",
				);
				PRODUCT_BUNDLE_IDENTIFIER = com.jp.aaaa;
				PRODUCT_NAME = "$(TARGET_NAME)";
				SWIFT_VERSION = 5.0;
				TARGETED_DEVICE_FAMILY = "1,2";
			};
			name = Release;
		};
		9F82A2162436B0E80069A92E /* Debug */ = {
			isa = XCBuildConfiguration;
			buildSettings = {
				ALWAYS_EMBED_SWIFT_STANDARD_LIBRARIES = YES;
				BUNDLE_LOADER = "$(TEST_HOST)";
				CODE_SIGN_STYLE = Automatic;
				DEVELOPMENT_TEAM = VWFZU9229C;
				INFOPLIST_FILE = aaaaTests/Info.plist;
				IPHONEOS_DEPLOYMENT_TARGET = 13.2;
				LD_RUNPATH_SEARCH_PATHS = (
					"$(inherited)",
					"@executable_path/Frameworks",
					"@loader_path/Frameworks",
				);
				PRODUCT_BUNDLE_IDENTIFIER = com.jp.aaaaTests;
				PRODUCT_NAME = "$(TARGET_NAME)";
				SWIFT_VERSION = 5.0;
				TARGETED_DEVICE_FAMILY = "1,2";
				TEST_HOST = "$(BUILT_PRODUCTS_DIR)/aaaa.app/aaaa";
			};
			name = Debug;
		};
		9F82A2172436B0E80069A92E /* Release */ = {
			isa = XCBuildConfiguration;
			buildSettings = {
				ALWAYS_EMBED_SWIFT_STANDARD_LIBRARIES = YES;
				BUNDLE_LOADER = "$(TEST_HOST)";
				CODE_SIGN_STYLE = Automatic;
				DEVELOPMENT_TEAM = VWFZU9229C;
				INFOPLIST_FILE = aaaaTests/Info.plist;
				IPHONEOS_DEPLOYMENT_TARGET = 13.2;
				LD_RUNPATH_SEARCH_PATHS = (
					"$(inherited)",
					"@executable_path/Frameworks",
					"@loader_path/Frameworks",
				);
				PRODUCT_BUNDLE_IDENTIFIER = com.jp.aaaaTests;
				PRODUCT_NAME = "$(TARGET_NAME)";
				SWIFT_VERSION = 5.0;
				TARGETED_DEVICE_FAMILY = "1,2";
				TEST_HOST = "$(BUILT_PRODUCTS_DIR)/aaaa.app/aaaa";
			};
			name = Release;
		};
		9F82A2192436B0E80069A92E /* Debug */ = {
			isa = XCBuildConfiguration;
			buildSettings = {
				ALWAYS_EMBED_SWIFT_STANDARD_LIBRARIES = YES;
				CODE_SIGN_STYLE = Automatic;
				DEVELOPMENT_TEAM = VWFZU9229C;
				INFOPLIST_FILE = aaaaUITests/Info.plist;
				LD_RUNPATH_SEARCH_PATHS = (
					"$(inherited)",
					"@executable_path/Frameworks",
					"@loader_path/Frameworks",
				);
				PRODUCT_BUNDLE_IDENTIFIER = com.jp.aaaaUITests;
				PRODUCT_NAME = "$(TARGET_NAME)";
				SWIFT_VERSION = 5.0;
				TARGETED_DEVICE_FAMILY = "1,2";
				TEST_TARGET_NAME = aaaa;
			};
			name = Debug;
		};
		9F82A21A2436B0E80069A92E /* Release */ = {
			isa = XCBuildConfiguration;
			buildSettings = {
				ALWAYS_EMBED_SWIFT_STANDARD_LIBRARIES = YES;
				CODE_SIGN_STYLE = Automatic;
				DEVELOPMENT_TEAM = VWFZU9229C;
				INFOPLIST_FILE = aaaaUITests/Info.plist;
				LD_RUNPATH_SEARCH_PATHS = (
					"$(inherited)",
					"@executable_path/Frameworks",
					"@loader_path/Frameworks",
				);
				PRODUCT_BUNDLE_IDENTIFIER = com.jp.aaaaUITests;
				PRODUCT_NAME = "$(TARGET_NAME)";
				SWIFT_VERSION = 5.0;
				TARGETED_DEVICE_FAMILY = "1,2";
				TEST_TARGET_NAME = aaaa;
			};
			name = Release;
		};
/* End XCBuildConfiguration section */

/* Begin XCConfigurationList section */
		9F82A1E32436B0E30069A92E /* Build configuration list for PBXProject "aaaa" */ = {
			isa = XCConfigurationList;
			buildConfigurations = (
				9F82A2102436B0E80069A92E /* Debug */,
				9F82A2112436B0E80069A92E /* Release */,
			);
			defaultConfigurationIsVisible = 0;
			defaultConfigurationName = Release;
		};
		9F82A2122436B0E80069A92E /* Build configuration list for PBXNativeTarget "aaaa" */ = {
			isa = XCConfigurationList;
			buildConfigurations = (
				9F82A2132436B0E80069A92E /* Debug */,
				9F82A2142436B0E80069A92E /* Release */,
			);
			defaultConfigurationIsVisible = 0;
			defaultConfigurationName = Release;
		};
		9F82A2152436B0E80069A92E /* Build configuration list for PBXNativeTarget "aaaaTests" */ = {
			isa = XCConfigurationList;
			buildConfigurations = (
				9F82A2162436B0E80069A92E /* Debug */,
				9F82A2172436B0E80069A92E /* Release */,
			);
			defaultConfigurationIsVisible = 0;
			defaultConfigurationName = Release;
		};
		9F82A2182436B0E80069A92E /* Build configuration list for PBXNativeTarget "aaaaUITests" */ = {
			isa = XCConfigurationList;
			buildConfigurations = (
				9F82A2192436B0E80069A92E /* Debug */,
				9F82A21A2436B0E80069A92E /* Release */,
			);
			defaultConfigurationIsVisible = 0;
			defaultConfigurationName = Release;
		};
/* End XCConfigurationList section */
	};
	rootObject = 9F82A1E02436B0E30069A92E /* Project object */;
}
